// !$*UTF8*$!
{
	archiveVersion = 1;
	classes = {
	};
	objectVersion = 50;
	objects = {

/* Begin PBXBuildFile section */
		722AD9F6265B3EE600978AFD /* Calculator.swift in Sources */ = {isa = PBXBuildFile; fileRef = 722AD9F5265B3EE600978AFD /* Calculator.swift */; };
		724ADF9D2657BFA300C6CBF6 /* AppDelegate.swift in Sources */ = {isa = PBXBuildFile; fileRef = 724ADF9C2657BFA300C6CBF6 /* AppDelegate.swift */; };
		724ADFA62657BFA900C6CBF6 /* Assets.xcassets in Resources */ = {isa = PBXBuildFile; fileRef = 724ADFA52657BFA900C6CBF6 /* Assets.xcassets */; };
		724ADFA92657BFA900C6CBF6 /* LaunchScreen.storyboard in Resources */ = {isa = PBXBuildFile; fileRef = 724ADFA72657BFA900C6CBF6 /* LaunchScreen.storyboard */; };
		724ADFB42657BFA900C6CBF6 /* MVCTests.swift in Sources */ = {isa = PBXBuildFile; fileRef = 724ADFB32657BFA900C6CBF6 /* MVCTests.swift */; };
		724ADFBF2657BFAA00C6CBF6 /* MVCUITests.swift in Sources */ = {isa = PBXBuildFile; fileRef = 724ADFBE2657BFAA00C6CBF6 /* MVCUITests.swift */; };
		724ADFD12657C17D00C6CBF6 /* HomeViewController.swift in Sources */ = {isa = PBXBuildFile; fileRef = 724ADFCF2657C17D00C6CBF6 /* HomeViewController.swift */; };
		724ADFD22657C17D00C6CBF6 /* HomeViewController.xib in Resources */ = {isa = PBXBuildFile; fileRef = 724ADFD02657C17D00C6CBF6 /* HomeViewController.xib */; };
		724ADFD52657C1AA00C6CBF6 /* Extension.swift in Sources */ = {isa = PBXBuildFile; fileRef = 724ADFD42657C1AA00C6CBF6 /* Extension.swift */; };
/* End PBXBuildFile section */

/* Begin PBXContainerItemProxy section */
		724ADFB02657BFA900C6CBF6 /* PBXContainerItemProxy */ = {
			isa = PBXContainerItemProxy;
			containerPortal = 724ADF912657BFA300C6CBF6 /* Project object */;
			proxyType = 1;
			remoteGlobalIDString = 724ADF982657BFA300C6CBF6;
			remoteInfo = MVC;
		};
		724ADFBB2657BFAA00C6CBF6 /* PBXContainerItemProxy */ = {
			isa = PBXContainerItemProxy;
			containerPortal = 724ADF912657BFA300C6CBF6 /* Project object */;
			proxyType = 1;
			remoteGlobalIDString = 724ADF982657BFA300C6CBF6;
			remoteInfo = MVC;
		};
/* End PBXContainerItemProxy section */

/* Begin PBXFileReference section */
		722AD9F5265B3EE600978AFD /* Calculator.swift */ = {isa = PBXFileReference; lastKnownFileType = sourcecode.swift; path = Calculator.swift; sourceTree = "<group>"; };
		724ADF992657BFA300C6CBF6 /* MVC.app */ = {isa = PBXFileReference; explicitFileType = wrapper.application; includeInIndex = 0; path = MVC.app; sourceTree = BUILT_PRODUCTS_DIR; };
		724ADF9C2657BFA300C6CBF6 /* AppDelegate.swift */ = {isa = PBXFileReference; lastKnownFileType = sourcecode.swift; path = AppDelegate.swift; sourceTree = "<group>"; };
		724ADFA52657BFA900C6CBF6 /* Assets.xcassets */ = {isa = PBXFileReference; lastKnownFileType = folder.assetcatalog; path = Assets.xcassets; sourceTree = "<group>"; };
		724ADFA82657BFA900C6CBF6 /* Base */ = {isa = PBXFileReference; lastKnownFileType = file.storyboard; name = Base; path = Base.lproj/LaunchScreen.storyboard; sourceTree = "<group>"; };
		724ADFAA2657BFA900C6CBF6 /* Info.plist */ = {isa = PBXFileReference; lastKnownFileType = text.plist.xml; path = Info.plist; sourceTree = "<group>"; };
		724ADFAF2657BFA900C6CBF6 /* MVCTests.xctest */ = {isa = PBXFileReference; explicitFileType = wrapper.cfbundle; includeInIndex = 0; path = MVCTests.xctest; sourceTree = BUILT_PRODUCTS_DIR; };
		724ADFB32657BFA900C6CBF6 /* MVCTests.swift */ = {isa = PBXFileReference; lastKnownFileType = sourcecode.swift; path = MVCTests.swift; sourceTree = "<group>"; };
		724ADFB52657BFA900C6CBF6 /* Info.plist */ = {isa = PBXFileReference; lastKnownFileType = text.plist.xml; path = Info.plist; sourceTree = "<group>"; };
		724ADFBA2657BFAA00C6CBF6 /* MVCUITests.xctest */ = {isa = PBXFileReference; explicitFileType = wrapper.cfbundle; includeInIndex = 0; path = MVCUITests.xctest; sourceTree = BUILT_PRODUCTS_DIR; };
		724ADFBE2657BFAA00C6CBF6 /* MVCUITests.swift */ = {isa = PBXFileReference; lastKnownFileType = sourcecode.swift; path = MVCUITests.swift; sourceTree = "<group>"; };
		724ADFC02657BFAA00C6CBF6 /* Info.plist */ = {isa = PBXFileReference; lastKnownFileType = text.plist.xml; path = Info.plist; sourceTree = "<group>"; };
		724ADFCF2657C17D00C6CBF6 /* HomeViewController.swift */ = {isa = PBXFileReference; lastKnownFileType = sourcecode.swift; path = HomeViewController.swift; sourceTree = "<group>"; };
		724ADFD02657C17D00C6CBF6 /* HomeViewController.xib */ = {isa = PBXFileReference; lastKnownFileType = file.xib; path = HomeViewController.xib; sourceTree = "<group>"; };
		724ADFD42657C1AA00C6CBF6 /* Extension.swift */ = {isa = PBXFileReference; lastKnownFileType = sourcecode.swift; path = Extension.swift; sourceTree = "<group>"; };
/* End PBXFileReference section */

/* Begin PBXFrameworksBuildPhase section */
		724ADF962657BFA300C6CBF6 /* Frameworks */ = {
			isa = PBXFrameworksBuildPhase;
			buildActionMask = 2147483647;
			files = (
			);
			runOnlyForDeploymentPostprocessing = 0;
		};
		724ADFAC2657BFA900C6CBF6 /* Frameworks */ = {
			isa = PBXFrameworksBuildPhase;
			buildActionMask = 2147483647;
			files = (
			);
			runOnlyForDeploymentPostprocessing = 0;
		};
		724ADFB72657BFAA00C6CBF6 /* Frameworks */ = {
			isa = PBXFrameworksBuildPhase;
			buildActionMask = 2147483647;
			files = (
			);
			runOnlyForDeploymentPostprocessing = 0;
		};
/* End PBXFrameworksBuildPhase section */

/* Begin PBXGroup section */
		724ADF902657BFA300C6CBF6 = {
			isa = PBXGroup;
			children = (
				724ADF9B2657BFA300C6CBF6 /* MVC */,
				724ADFB22657BFA900C6CBF6 /* MVCTests */,
				724ADFBD2657BFAA00C6CBF6 /* MVCUITests */,
				724ADF9A2657BFA300C6CBF6 /* Products */,
			);
			sourceTree = "<group>";
		};
		724ADF9A2657BFA300C6CBF6 /* Products */ = {
			isa = PBXGroup;
			children = (
				724ADF992657BFA300C6CBF6 /* MVC.app */,
				724ADFAF2657BFA900C6CBF6 /* MVCTests.xctest */,
				724ADFBA2657BFAA00C6CBF6 /* MVCUITests.xctest */,
			);
			name = Products;
			sourceTree = "<group>";
		};
		724ADF9B2657BFA300C6CBF6 /* MVC */ = {
			isa = PBXGroup;
			children = (
				724ADFCE2657BFFF00C6CBF6 /* Controllers */,
				724ADFCD2657BFF500C6CBF6 /* Views */,
				724ADFCC2657BFEE00C6CBF6 /* Models */,
				724ADFD32657C19500C6CBF6 /* Helpers */,
				724ADF9C2657BFA300C6CBF6 /* AppDelegate.swift */,
				724ADFA52657BFA900C6CBF6 /* Assets.xcassets */,
				724ADFA72657BFA900C6CBF6 /* LaunchScreen.storyboard */,
				724ADFAA2657BFA900C6CBF6 /* Info.plist */,
			);
			path = MVC;
			sourceTree = "<group>";
		};
		724ADFB22657BFA900C6CBF6 /* MVCTests */ = {
			isa = PBXGroup;
			children = (
				724ADFB32657BFA900C6CBF6 /* MVCTests.swift */,
				724ADFB52657BFA900C6CBF6 /* Info.plist */,
			);
			path = MVCTests;
			sourceTree = "<group>";
		};
		724ADFBD2657BFAA00C6CBF6 /* MVCUITests */ = {
			isa = PBXGroup;
			children = (
				724ADFBE2657BFAA00C6CBF6 /* MVCUITests.swift */,
				724ADFC02657BFAA00C6CBF6 /* Info.plist */,
			);
			path = MVCUITests;
			sourceTree = "<group>";
		};
		724ADFCC2657BFEE00C6CBF6 /* Models */ = {
			isa = PBXGroup;
			children = (
				722AD9F5265B3EE600978AFD /* Calculator.swift */,
			);
			path = Models;
			sourceTree = "<group>";
		};
		724ADFCD2657BFF500C6CBF6 /* Views */ = {
			isa = PBXGroup;
			children = (
			);
			path = Views;
			sourceTree = "<group>";
		};
		724ADFCE2657BFFF00C6CBF6 /* Controllers */ = {
			isa = PBXGroup;
			children = (
				724ADFCF2657C17D00C6CBF6 /* HomeViewController.swift */,
				724ADFD02657C17D00C6CBF6 /* HomeViewController.xib */,
			);
			path = Controllers;
			sourceTree = "<group>";
		};
		724ADFD32657C19500C6CBF6 /* Helpers */ = {
			isa = PBXGroup;
			children = (
				724ADFD42657C1AA00C6CBF6 /* Extension.swift */,
			);
			path = Helpers;
			sourceTree = "<group>";
		};
/* End PBXGroup section */

/* Begin PBXNativeTarget section */
		724ADF982657BFA300C6CBF6 /* MVC */ = {
			isa = PBXNativeTarget;
			buildConfigurationList = 724ADFC32657BFAA00C6CBF6 /* Build configuration list for PBXNativeTarget "MVC" */;
			buildPhases = (
				724ADF952657BFA300C6CBF6 /* Sources */,
				724ADF962657BFA300C6CBF6 /* Frameworks */,
				724ADF972657BFA300C6CBF6 /* Resources */,
			);
			buildRules = (
			);
			dependencies = (
			);
			name = MVC;
			productName = MVC;
			productReference = 724ADF992657BFA300C6CBF6 /* MVC.app */;
			productType = "com.apple.product-type.application";
		};
		724ADFAE2657BFA900C6CBF6 /* MVCTests */ = {
			isa = PBXNativeTarget;
			buildConfigurationList = 724ADFC62657BFAA00C6CBF6 /* Build configuration list for PBXNativeTarget "MVCTests" */;
			buildPhases = (
				724ADFAB2657BFA900C6CBF6 /* Sources */,
				724ADFAC2657BFA900C6CBF6 /* Frameworks */,
				724ADFAD2657BFA900C6CBF6 /* Resources */,
			);
			buildRules = (
			);
			dependencies = (
				724ADFB12657BFA900C6CBF6 /* PBXTargetDependency */,
			);
			name = MVCTests;
			productName = MVCTests;
			productReference = 724ADFAF2657BFA900C6CBF6 /* MVCTests.xctest */;
			productType = "com.apple.product-type.bundle.unit-test";
		};
		724ADFB92657BFAA00C6CBF6 /* MVCUITests */ = {
			isa = PBXNativeTarget;
			buildConfigurationList = 724ADFC92657BFAA00C6CBF6 /* Build configuration list for PBXNativeTarget "MVCUITests" */;
			buildPhases = (
				724ADFB62657BFAA00C6CBF6 /* Sources */,
				724ADFB72657BFAA00C6CBF6 /* Frameworks */,
				724ADFB82657BFAA00C6CBF6 /* Resources */,
			);
			buildRules = (
			);
			dependencies = (
				724ADFBC2657BFAA00C6CBF6 /* PBXTargetDependency */,
			);
			name = MVCUITests;
			productName = MVCUITests;
			productReference = 724ADFBA2657BFAA00C6CBF6 /* MVCUITests.xctest */;
			productType = "com.apple.product-type.bundle.ui-testing";
		};
/* End PBXNativeTarget section */

/* Begin PBXProject section */
		724ADF912657BFA300C6CBF6 /* Project object */ = {
			isa = PBXProject;
			attributes = {
				LastSwiftUpdateCheck = 1250;
				LastUpgradeCheck = 1250;
				TargetAttributes = {
					724ADF982657BFA300C6CBF6 = {
						CreatedOnToolsVersion = 12.5;
					};
					724ADFAE2657BFA900C6CBF6 = {
						CreatedOnToolsVersion = 12.5;
						TestTargetID = 724ADF982657BFA300C6CBF6;
					};
					724ADFB92657BFAA00C6CBF6 = {
						CreatedOnToolsVersion = 12.5;
						TestTargetID = 724ADF982657BFA300C6CBF6;
					};
				};
			};
			buildConfigurationList = 724ADF942657BFA300C6CBF6 /* Build configuration list for PBXProject "MVC" */;
			compatibilityVersion = "Xcode 9.3";
			developmentRegion = en;
			hasScannedForEncodings = 0;
			knownRegions = (
				en,
				Base,
			);
			mainGroup = 724ADF902657BFA300C6CBF6;
			productRefGroup = 724ADF9A2657BFA300C6CBF6 /* Products */;
			projectDirPath = "";
			projectRoot = "";
			targets = (
				724ADF982657BFA300C6CBF6 /* MVC */,
				724ADFAE2657BFA900C6CBF6 /* MVCTests */,
				724ADFB92657BFAA00C6CBF6 /* MVCUITests */,
			);
		};
/* End PBXProject section */

/* Begin PBXResourcesBuildPhase section */
		724ADF972657BFA300C6CBF6 /* Resources */ = {
			isa = PBXResourcesBuildPhase;
			buildActionMask = 2147483647;
			files = (
				724ADFA92657BFA900C6CBF6 /* LaunchScreen.storyboard in Resources */,
				724ADFA62657BFA900C6CBF6 /* Assets.xcassets in Resources */,
				724ADFD22657C17D00C6CBF6 /* HomeViewController.xib in Resources */,
			);
			runOnlyForDeploymentPostprocessing = 0;
		};
		724ADFAD2657BFA900C6CBF6 /* Resources */ = {
			isa = PBXResourcesBuildPhase;
			buildActionMask = 2147483647;
			files = (
			);
			runOnlyForDeploymentPostprocessing = 0;
		};
		724ADFB82657BFAA00C6CBF6 /* Resources */ = {
			isa = PBXResourcesBuildPhase;
			buildActionMask = 2147483647;
			files = (
			);
			runOnlyForDeploymentPostprocessing = 0;
		};
/* End PBXResourcesBuildPhase section */

/* Begin PBXSourcesBuildPhase section */
		724ADF952657BFA300C6CBF6 /* Sources */ = {
			isa = PBXSourcesBuildPhase;
			buildActionMask = 2147483647;
			files = (
				722AD9F6265B3EE600978AFD /* Calculator.swift in Sources */,
				724ADFD52657C1AA00C6CBF6 /* Extension.swift in Sources */,
				724ADF9D2657BFA300C6CBF6 /* AppDelegate.swift in Sources */,
				724ADFD12657C17D00C6CBF6 /* HomeViewController.swift in Sources */,
			);
			runOnlyForDeploymentPostprocessing = 0;
		};
		724ADFAB2657BFA900C6CBF6 /* Sources */ = {
			isa = PBXSourcesBuildPhase;
			buildActionMask = 2147483647;
			files = (
				724ADFB42657BFA900C6CBF6 /* MVCTests.swift in Sources */,
			);
			runOnlyForDeploymentPostprocessing = 0;
		};
		724ADFB62657BFAA00C6CBF6 /* Sources */ = {
			isa = PBXSourcesBuildPhase;
			buildActionMask = 2147483647;
			files = (
				724ADFBF2657BFAA00C6CBF6 /* MVCUITests.swift in Sources */,
			);
			runOnlyForDeploymentPostprocessing = 0;
		};
/* End PBXSourcesBuildPhase section */

/* Begin PBXTargetDependency section */
		724ADFB12657BFA900C6CBF6 /* PBXTargetDependency */ = {
			isa = PBXTargetDependency;
			target = 724ADF982657BFA300C6CBF6 /* MVC */;
			targetProxy = 724ADFB02657BFA900C6CBF6 /* PBXContainerItemProxy */;
		};
		724ADFBC2657BFAA00C6CBF6 /* PBXTargetDependency */ = {
			isa = PBXTargetDependency;
			target = 724ADF982657BFA300C6CBF6 /* MVC */;
			targetProxy = 724ADFBB2657BFAA00C6CBF6 /* PBXContainerItemProxy */;
		};
/* End PBXTargetDependency section */

/* Begin PBXVariantGroup section */
		724ADFA72657BFA900C6CBF6 /* LaunchScreen.storyboard */ = {
			isa = PBXVariantGroup;
			children = (
				724ADFA82657BFA900C6CBF6 /* Base */,
			);
			name = LaunchScreen.storyboard;
			sourceTree = "<group>";
		};
/* End PBXVariantGroup section */

/* Begin XCBuildConfiguration section */
		724ADFC12657BFAA00C6CBF6 /* Debug */ = {
			isa = XCBuildConfiguration;
			buildSettings = {
				ALWAYS_SEARCH_USER_PATHS = NO;
				CLANG_ANALYZER_NONNULL = YES;
				CLANG_ANALYZER_NUMBER_OBJECT_CONVERSION = YES_AGGRESSIVE;
				CLANG_CXX_LANGUAGE_STANDARD = "gnu++14";
				CLANG_CXX_LIBRARY = "libc++";
				CLANG_ENABLE_MODULES = YES;
				CLANG_ENABLE_OBJC_ARC = YES;
				CLANG_ENABLE_OBJC_WEAK = YES;
				CLANG_WARN_BLOCK_CAPTURE_AUTORELEASING = YES;
				CLANG_WARN_BOOL_CONVERSION = YES;
				CLANG_WARN_COMMA = YES;
				CLANG_WARN_CONSTANT_CONVERSION = YES;
				CLANG_WARN_DEPRECATED_OBJC_IMPLEMENTATIONS = YES;
				CLANG_WARN_DIRECT_OBJC_ISA_USAGE = YES_ERROR;
				CLANG_WARN_DOCUMENTATION_COMMENTS = YES;
				CLANG_WARN_EMPTY_BODY = YES;
				CLANG_WARN_ENUM_CONVERSION = YES;
				CLANG_WARN_INFINITE_RECURSION = YES;
				CLANG_WARN_INT_CONVERSION = YES;
				CLANG_WARN_NON_LITERAL_NULL_CONVERSION = YES;
				CLANG_WARN_OBJC_IMPLICIT_RETAIN_SELF = YES;
				CLANG_WARN_OBJC_LITERAL_CONVERSION = YES;
				CLANG_WARN_OBJC_ROOT_CLASS = YES_ERROR;
				CLANG_WARN_QUOTED_INCLUDE_IN_FRAMEWORK_HEADER = YES;
				CLANG_WARN_RANGE_LOOP_ANALYSIS = YES;
				CLANG_WARN_STRICT_PROTOTYPES = YES;
				CLANG_WARN_SUSPICIOUS_MOVE = YES;
				CLANG_WARN_UNGUARDED_AVAILABILITY = YES_AGGRESSIVE;
				CLANG_WARN_UNREACHABLE_CODE = YES;
				CLANG_WARN__DUPLICATE_METHOD_MATCH = YES;
				COPY_PHASE_STRIP = NO;
				DEBUG_INFORMATION_FORMAT = dwarf;
				ENABLE_STRICT_OBJC_MSGSEND = YES;
				ENABLE_TESTABILITY = YES;
				GCC_C_LANGUAGE_STANDARD = gnu11;
				GCC_DYNAMIC_NO_PIC = NO;
				GCC_NO_COMMON_BLOCKS = YES;
				GCC_OPTIMIZATION_LEVEL = 0;
				GCC_PREPROCESSOR_DEFINITIONS = (
					"DEBUG=1",
					"$(inherited)",
				);
				GCC_WARN_64_TO_32_BIT_CONVERSION = YES;
				GCC_WARN_ABOUT_RETURN_TYPE = YES_ERROR;
				GCC_WARN_UNDECLARED_SELECTOR = YES;
				GCC_WARN_UNINITIALIZED_AUTOS = YES_AGGRESSIVE;
				GCC_WARN_UNUSED_FUNCTION = YES;
				GCC_WARN_UNUSED_VARIABLE = YES;
				IPHONEOS_DEPLOYMENT_TARGET = 14.5;
				MTL_ENABLE_DEBUG_INFO = INCLUDE_SOURCE;
				MTL_FAST_MATH = YES;
				ONLY_ACTIVE_ARCH = YES;
				SDKROOT = iphoneos;
				SWIFT_ACTIVE_COMPILATION_CONDITIONS = DEBUG;
				SWIFT_OPTIMIZATION_LEVEL = "-Onone";
			};
			name = Debug;
		};
		724ADFC22657BFAA00C6CBF6 /* Release */ = {
			isa = XCBuildConfiguration;
			buildSettings = {
				ALWAYS_SEARCH_USER_PATHS = NO;
				CLANG_ANALYZER_NONNULL = YES;
				CLANG_ANALYZER_NUMBER_OBJECT_CONVERSION = YES_AGGRESSIVE;
				CLANG_CXX_LANGUAGE_STANDARD = "gnu++14";
				CLANG_CXX_LIBRARY = "libc++";
				CLANG_ENABLE_MODULES = YES;
				CLANG_ENABLE_OBJC_ARC = YES;
				CLANG_ENABLE_OBJC_WEAK = YES;
				CLANG_WARN_BLOCK_CAPTURE_AUTORELEASING = YES;
				CLANG_WARN_BOOL_CONVERSION = YES;
				CLANG_WARN_COMMA = YES;
				CLANG_WARN_CONSTANT_CONVERSION = YES;
				CLANG_WARN_DEPRECATED_OBJC_IMPLEMENTATIONS = YES;
				CLANG_WARN_DIRECT_OBJC_ISA_USAGE = YES_ERROR;
				CLANG_WARN_DOCUMENTATION_COMMENTS = YES;
				CLANG_WARN_EMPTY_BODY = YES;
				CLANG_WARN_ENUM_CONVERSION = YES;
				CLANG_WARN_INFINITE_RECURSION = YES;
				CLANG_WARN_INT_CONVERSION = YES;
				CLANG_WARN_NON_LITERAL_NULL_CONVERSION = YES;
				CLANG_WARN_OBJC_IMPLICIT_RETAIN_SELF = YES;
				CLANG_WARN_OBJC_LITERAL_CONVERSION = YES;
				CLANG_WARN_OBJC_ROOT_CLASS = YES_ERROR;
				CLANG_WARN_QUOTED_INCLUDE_IN_FRAMEWORK_HEADER = YES;
				CLANG_WARN_RANGE_LOOP_ANALYSIS = YES;
				CLANG_WARN_STRICT_PROTOTYPES = YES;
				CLANG_WARN_SUSPICIOUS_MOVE = YES;
				CLANG_WARN_UNGUARDED_AVAILABILITY = YES_AGGRESSIVE;
				CLANG_WARN_UNREACHABLE_CODE = YES;
				CLANG_WARN__DUPLICATE_METHOD_MATCH = YES;
				COPY_PHASE_STRIP = NO;
				DEBUG_INFORMATION_FORMAT = "dwarf-with-dsym";
				ENABLE_NS_ASSERTIONS = NO;
				ENABLE_STRICT_OBJC_MSGSEND = YES;
				GCC_C_LANGUAGE_STANDARD = gnu11;
				GCC_NO_COMMON_BLOCKS = YES;
				GCC_WARN_64_TO_32_BIT_CONVERSION = YES;
				GCC_WARN_ABOUT_RETURN_TYPE = YES_ERROR;
				GCC_WARN_UNDECLARED_SELECTOR = YES;
				GCC_WARN_UNINITIALIZED_AUTOS = YES_AGGRESSIVE;
				GCC_WARN_UNUSED_FUNCTION = YES;
				GCC_WARN_UNUSED_VARIABLE = YES;
				IPHONEOS_DEPLOYMENT_TARGET = 14.5;
				MTL_ENABLE_DEBUG_INFO = NO;
				MTL_FAST_MATH = YES;
				SDKROOT = iphoneos;
				SWIFT_COMPILATION_MODE = wholemodule;
				SWIFT_OPTIMIZATION_LEVEL = "-O";
				VALIDATE_PRODUCT = YES;
			};
			name = Release;
		};
		724ADFC42657BFAA00C6CBF6 /* Debug */ = {
			isa = XCBuildConfiguration;
			buildSettings = {
				ASSETCATALOG_COMPILER_APPICON_NAME = AppIcon;
				ASSETCATALOG_COMPILER_GLOBAL_ACCENT_COLOR_NAME = AccentColor;
				CODE_SIGN_STYLE = Automatic;
				INFOPLIST_FILE = MVC/Info.plist;
				LD_RUNPATH_SEARCH_PATHS = (
					"$(inherited)",
					"@executable_path/Frameworks",
				);
				PRODUCT_BUNDLE_IDENTIFIER = huong.nguyenthi1.MVC;
				PRODUCT_NAME = "$(TARGET_NAME)";
				SWIFT_VERSION = 5.0;
				TARGETED_DEVICE_FAMILY = "1,2";
			};
			name = Debug;
		};
		724ADFC52657BFAA00C6CBF6 /* Release */ = {
			isa = XCBuildConfiguration;
			buildSettings = {
				ASSETCATALOG_COMPILER_APPICON_NAME = AppIcon;
				ASSETCATALOG_COMPILER_GLOBAL_ACCENT_COLOR_NAME = AccentColor;
				CODE_SIGN_STYLE = Automatic;
				INFOPLIST_FILE = MVC/Info.plist;
				LD_RUNPATH_SEARCH_PATHS = (
					"$(inherited)",
					"@executable_path/Frameworks",
				);
				PRODUCT_BUNDLE_IDENTIFIER = huong.nguyenthi1.MVC;
				PRODUCT_NAME = "$(TARGET_NAME)";
				SWIFT_VERSION = 5.0;
				TARGETED_DEVICE_FAMILY = "1,2";
			};
			name = Release;
		};
		724ADFC72657BFAA00C6CBF6 /* Debug */ = {
			isa = XCBuildConfiguration;
			buildSettings = {
				ALWAYS_EMBED_SWIFT_STANDARD_LIBRARIES = YES;
				BUNDLE_LOADER = "$(TEST_HOST)";
				CODE_SIGN_STYLE = Automatic;
				INFOPLIST_FILE = MVCTests/Info.plist;
				IPHONEOS_DEPLOYMENT_TARGET = 14.5;
				LD_RUNPATH_SEARCH_PATHS = (
					"$(inherited)",
					"@executable_path/Frameworks",
					"@loader_path/Frameworks",
				);
				PRODUCT_BUNDLE_IDENTIFIER = huong.nguyenthi1.MVCTests;
				PRODUCT_NAME = "$(TARGET_NAME)";
				SWIFT_VERSION = 5.0;
				TARGETED_DEVICE_FAMILY = "1,2";
				TEST_HOST = "$(BUILT_PRODUCTS_DIR)/MVC.app/MVC";
			};
			name = Debug;
		};
		724ADFC82657BFAA00C6CBF6 /* Release */ = {
			isa = XCBuildConfiguration;
			buildSettings = {
				ALWAYS_EMBED_SWIFT_STANDARD_LIBRARIES = YES;
				BUNDLE_LOADER = "$(TEST_HOST)";
				CODE_SIGN_STYLE = Automatic;
				INFOPLIST_FILE = MVCTests/Info.plist;
				IPHONEOS_DEPLOYMENT_TARGET = 14.5;
				LD_RUNPATH_SEARCH_PATHS = (
					"$(inherited)",
					"@executable_path/Frameworks",
					"@loader_path/Frameworks",
				);
				PRODUCT_BUNDLE_IDENTIFIER = huong.nguyenthi1.MVCTests;
				PRODUCT_NAME = "$(TARGET_NAME)";
				SWIFT_VERSION = 5.0;
				TARGETED_DEVICE_FAMILY = "1,2";
				TEST_HOST = "$(BUILT_PRODUCTS_DIR)/MVC.app/MVC";
			};
			name = Release;
		};
		724ADFCA2657BFAA00C6CBF6 /* Debug */ = {
			isa = XCBuildConfiguration;
			buildSettings = {
				ALWAYS_EMBED_SWIFT_STANDARD_LIBRARIES = YES;
				CODE_SIGN_STYLE = Automatic;
				INFOPLIST_FILE = MVCUITests/Info.plist;
				LD_RUNPATH_SEARCH_PATHS = (
					"$(inherited)",
					"@executable_path/Frameworks",
					"@loader_path/Frameworks",
				);
				PRODUCT_BUNDLE_IDENTIFIER = huong.nguyenthi1.MVCUITests;
				PRODUCT_NAME = "$(TARGET_NAME)";
				SWIFT_VERSION = 5.0;
				TARGETED_DEVICE_FAMILY = "1,2";
				TEST_TARGET_NAME = MVC;
			};
			name = Debug;
		};
		724ADFCB2657BFAA00C6CBF6 /* Release */ = {
			isa = XCBuildConfiguration;
			buildSettings = {
				ALWAYS_EMBED_SWIFT_STANDARD_LIBRARIES = YES;
				CODE_SIGN_STYLE = Automatic;
				INFOPLIST_FILE = MVCUITests/Info.plist;
				LD_RUNPATH_SEARCH_PATHS = (
					"$(inherited)",
					"@executable_path/Frameworks",
					"@loader_path/Frameworks",
				);
				PRODUCT_BUNDLE_IDENTIFIER = huong.nguyenthi1.MVCUITests;
				PRODUCT_NAME = "$(TARGET_NAME)";
				SWIFT_VERSION = 5.0;
				TARGETED_DEVICE_FAMILY = "1,2";
				TEST_TARGET_NAME = MVC;
			};
			name = Release;
		};
/* End XCBuildConfiguration section */

/* Begin XCConfigurationList section */
		724ADF942657BFA300C6CBF6 /* Build configuration list for PBXProject "MVC" */ = {
			isa = XCConfigurationList;
			buildConfigurations = (
				724ADFC12657BFAA00C6CBF6 /* Debug */,
				724ADFC22657BFAA00C6CBF6 /* Release */,
			);
			defaultConfigurationIsVisible = 0;
			defaultConfigurationName = Release;
		};
		724ADFC32657BFAA00C6CBF6 /* Build configuration list for PBXNativeTarget "MVC" */ = {
			isa = XCConfigurationList;
			buildConfigurations = (
				724ADFC42657BFAA00C6CBF6 /* Debug */,
				724ADFC52657BFAA00C6CBF6 /* Release */,
			);
			defaultConfigurationIsVisible = 0;
			defaultConfigurationName = Release;
		};
		724ADFC62657BFAA00C6CBF6 /* Build configuration list for PBXNativeTarget "MVCTests" */ = {
			isa = XCConfigurationList;
			buildConfigurations = (
				724ADFC72657BFAA00C6CBF6 /* Debug */,
				724ADFC82657BFAA00C6CBF6 /* Release */,
			);
			defaultConfigurationIsVisible = 0;
			defaultConfigurationName = Release;
		};
		724ADFC92657BFAA00C6CBF6 /* Build configuration list for PBXNativeTarget "MVCUITests" */ = {
			isa = XCConfigurationList;
			buildConfigurations = (
				724ADFCA2657BFAA00C6CBF6 /* Debug */,
				724ADFCB2657BFAA00C6CBF6 /* Release */,
			);
			defaultConfigurationIsVisible = 0;
			defaultConfigurationName = Release;
		};
/* End XCConfigurationList section */
	};
	rootObject = 724ADF912657BFA300C6CBF6 /* Project object */;
}
